<?xml version="1.0" encoding="utf-8"?>
<Project ToolsVersion="4.0" xmlns="http://schemas.microsoft.com/developer/msbuild/2003">
  <ItemGroup>
    <Filter Include="Source Files">
      <UniqueIdentifier>{4FC737F1-C7A5-4376-A066-2A32D752A2FF}</UniqueIdentifier>
      <Extensions>cpp;c;cc;cxx;def;odl;idl;hpj;bat;asm;asmx</Extensions>
    </Filter>
    <Filter Include="Header Files">
      <UniqueIdentifier>{93995380-89BD-4b04-88EB-625FBE52EBFB}</UniqueIdentifier>
      <Extensions>h;hpp;hxx;hm;inl;inc;xsd</Extensions>
    </Filter>
    <Filter Include="OpenCL Files">
      <UniqueIdentifier>{D011BB44-1BF7-4113-997B-A081035B40D8}</UniqueIdentifier>
      <Extensions>cl</Extensions>
    </Filter>
  </ItemGroup>
  <ItemGroup>
    <ClCompile Include="main.cpp">
      <Filter>Source Files</Filter>
    </ClCompile>
    <ClCompile Include="mtimer.cpp">
      <Filter>Source Files</Filter>
    </ClCompile>
    <ClCompile Include="prediction.cpp">
      <Filter>Source Files</Filter>
    </ClCompile>
    <ClCompile Include="psnr.cpp">
      <Filter>Source Files</Filter>
    </ClCompile>
    <ClCompile Include="quantizer.cpp">
      <Filter>Source Files</Filter>
    </ClCompile>
    <ClCompile Include="rlc.cpp">
      <Filter>Source Files</Filter>
    </ClCompile>
    <ClCompile Include="rlc_factory.cpp">
      <Filter>Source Files</Filter>
    </ClCompile>
    <ClCompile Include="sequence.cpp">
      <Filter>Source Files</Filter>
    </ClCompile>
    <ClCompile Include="shift.cpp">
      <Filter>Source Files</Filter>
    </ClCompile>
    <ClCompile Include="static_huffman.cpp">
      <Filter>Source Files</Filter>
    </ClCompile>
    <ClCompile Include="static_rlc.cpp">
      <Filter>Source Files</Filter>
    </ClCompile>
    <ClCompile Include="transform.cpp">
      <Filter>Source Files</Filter>
    </ClCompile>
    <ClCompile Include="utils.cpp">
      <Filter>Source Files</Filter>
    </ClCompile>
    <ClCompile Include="zigzag.cpp">
      <Filter>Source Files</Filter>
    </ClCompile>
    <ClCompile Include="app.cpp">
      <Filter>Source Files</Filter>
    </ClCompile>
    <ClCompile Include="avlib.cpp">
      <Filter>Source Files</Filter>
    </ClCompile>
    <ClCompile Include="basic_decoder.cpp">
      <Filter>Source Files</Filter>
    </ClCompile>
    <ClCompile Include="basic_encoder.cpp">
      <Filter>Source Files</Filter>
    </ClCompile>
    <ClCompile Include="bitstream.cpp">
      <Filter>Source Files</Filter>
    </ClCompile>
    <ClCompile Include="cl_base.cpp">
      <Filter>Source Files</Filter>
    </ClCompile>
    <ClCompile Include="cl_component.cpp">
      <Filter>Source Files</Filter>
    </ClCompile>
    <ClCompile Include="cl_dct.cpp">
      <Filter>Source Files</Filter>
    </ClCompile>
    <ClCompile Include="cl_dctqzz.cpp">
      <Filter>Source Files</Filter>
    </ClCompile>
    <ClCompile Include="cl_device.cpp">
      <Filter>Source Files</Filter>
    </ClCompile>
    <ClCompile Include="cl_device_info.cpp">
      <Filter>Source Files</Filter>
    </ClCompile>
    <ClCompile Include="cl_encoder.cpp">
      <Filter>Source Files</Filter>
    </ClCompile>
    <ClCompile Include="cl_host.cpp">
      <Filter>Source Files</Filter>
    </ClCompile>
    <ClCompile Include="cl_image.cpp">
      <Filter>Source Files</Filter>
    </ClCompile>
    <ClCompile Include="cl_interpolation.cpp">
      <Filter>Source Files</Filter>
    </ClCompile>
    <ClCompile Include="cl_kernel.cpp">
      <Filter>Source Files</Filter>
    </ClCompile>
    <ClCompile Include="cl_merged_encoder.cpp">
      <Filter>Source Files</Filter>
    </ClCompile>
    <ClCompile Include="cl_parallel_encoder.cpp">
      <Filter>Source Files</Filter>
    </ClCompile>
    <ClCompile Include="cl_platform.cpp">
      <Filter>Source Files</Filter>
    </ClCompile>
    <ClCompile Include="cl_platform_info.cpp">
      <Filter>Source Files</Filter>
    </ClCompile>
    <ClCompile Include="cl_policy.cpp">
      <Filter>Source Files</Filter>
    </ClCompile>
    <ClCompile Include="cl_prediction.cpp">
      <Filter>Source Files</Filter>
    </ClCompile>
    <ClCompile Include="cl_quantizer.cpp">
      <Filter>Source Files</Filter>
    </ClCompile>
    <ClCompile Include="cl_shift.cpp">
      <Filter>Source Files</Filter>
    </ClCompile>
    <ClCompile Include="cl_timers.cpp">
      <Filter>Source Files</Filter>
    </ClCompile>
    <ClCompile Include="cl_zigzag.cpp">
      <Filter>Source Files</Filter>
    </ClCompile>
    <ClCompile Include="component.cpp">
      <Filter>Source Files</Filter>
    </ClCompile>
    <ClCompile Include="dct.cpp">
      <Filter>Source Files</Filter>
    </ClCompile>
    <ClCompile Include="decoder.cpp">
      <Filter>Source Files</Filter>
    </ClCompile>
    <ClCompile Include="dynamic_huffman.cpp">
      <Filter>Source Files</Filter>
    </ClCompile>
    <ClCompile Include="dynamic_rlc.cpp">
      <Filter>Source Files</Filter>
    </ClCompile>
    <ClCompile Include="encoder.cpp">
      <Filter>Source Files</Filter>
    </ClCompile>
    <ClCompile Include="image.cpp">
      <Filter>Source Files</Filter>
    </ClCompile>
    <ClCompile Include="interpolation.cpp">
      <Filter>Source Files</Filter>
    </ClCompile>
    <ClCompile Include="log.cpp">
      <Filter>Source Files</Filter>
    </ClCompile>
    <ClCompile Include="getopt.c">
      <Filter>Source Files</Filter>
    </ClCompile>
  </ItemGroup>
  <ItemGroup>
    <ClInclude Include="include\app.h">
      <Filter>Header Files</Filter>
    </ClInclude>
    <ClInclude Include="include\avlib.h">
      <Filter>Header Files</Filter>
    </ClInclude>
    <ClInclude Include="include\basic_decoder.h">
      <Filter>Header Files</Filter>
    </ClInclude>
    <ClInclude Include="include\basic_encoder.h">
      <Filter>Header Files</Filter>
    </ClInclude>
    <ClInclude Include="include\bitstream.h">
      <Filter>Header Files</Filter>
    </ClInclude>
    <ClInclude Include="include\cl_base.h">
      <Filter>Header Files</Filter>
    </ClInclude>
    <ClInclude Include="include\cl_component.h">
      <Filter>Header Files</Filter>
    </ClInclude>
    <ClInclude Include="include\cl_dct.h">
      <Filter>Header Files</Filter>
    </ClInclude>
    <ClInclude Include="include\cl_dctqzz.h">
      <Filter>Header Files</Filter>
    </ClInclude>
    <ClInclude Include="include\cl_device.h">
      <Filter>Header Files</Filter>
    </ClInclude>
    <ClInclude Include="include\cl_device_info.h">
      <Filter>Header Files</Filter>
    </ClInclude>
    <ClInclude Include="include\cl_encoder.h">
      <Filter>Header Files</Filter>
    </ClInclude>
    <ClInclude Include="include\cl_host.h">
      <Filter>Header Files</Filter>
    </ClInclude>
    <ClInclude Include="include\cl_image.h">
      <Filter>Header Files</Filter>
    </ClInclude>
    <ClInclude Include="include\cl_interpolation.h">
      <Filter>Header Files</Filter>
    </ClInclude>
    <ClInclude Include="include\cl_kernel.h">
      <Filter>Header Files</Filter>
    </ClInclude>
    <ClInclude Include="include\cl_merged_encoder.h">
      <Filter>Header Files</Filter>
    </ClInclude>
    <ClInclude Include="include\cl_parallel_encoder.h">
      <Filter>Header Files</Filter>
    </ClInclude>
    <ClInclude Include="include\cl_platform.h">
      <Filter>Header Files</Filter>
    </ClInclude>
    <ClInclude Include="include\cl_platform_info.h">
      <Filter>Header Files</Filter>
    </ClInclude>
    <ClInclude Include="include\cl_policy.h">
      <Filter>Header Files</Filter>
    </ClInclude>
    <ClInclude Include="include\cl_prediction.h">
      <Filter>Header Files</Filter>
    </ClInclude>
    <ClInclude Include="include\cl_quantizer.h">
      <Filter>Header Files</Filter>
    </ClInclude>
    <ClInclude Include="include\cl_shift.h">
      <Filter>Header Files</Filter>
    </ClInclude>
    <ClInclude Include="include\cl_timers.h">
      <Filter>Header Files</Filter>
    </ClInclude>
    <ClInclude Include="include\cl_zigzag.h">
      <Filter>Header Files</Filter>
    </ClInclude>
    <ClInclude Include="include\component.h">
      <Filter>Header Files</Filter>
    </ClInclude>
    <ClInclude Include="include\dct.h">
      <Filter>Header Files</Filter>
    </ClInclude>
    <ClInclude Include="include\decoder.h">
      <Filter>Header Files</Filter>
    </ClInclude>
    <ClInclude Include="include\dynamic_huffman.h">
      <Filter>Header Files</Filter>
    </ClInclude>
    <ClInclude Include="include\dynamic_rlc.h">
      <Filter>Header Files</Filter>
    </ClInclude>
    <ClInclude Include="include\encoder.h">
      <Filter>Header Files</Filter>
    </ClInclude>
    <ClInclude Include="include\image.h">
      <Filter>Header Files</Filter>
    </ClInclude>
    <ClInclude Include="include\interpolation.h">
      <Filter>Header Files</Filter>
    </ClInclude>
    <ClInclude Include="include\log.h">
      <Filter>Header Files</Filter>
    </ClInclude>
    <ClInclude Include="include\mtimer.h">
      <Filter>Header Files</Filter>
    </ClInclude>
    <ClInclude Include="include\prediction.h">
      <Filter>Header Files</Filter>
    </ClInclude>
    <ClInclude Include="include\proto.h">
      <Filter>Header Files</Filter>
    </ClInclude>
    <ClInclude Include="include\psnr.h">
      <Filter>Header Files</Filter>
    </ClInclude>
    <ClInclude Include="include\quantizer.h">
      <Filter>Header Files</Filter>
    </ClInclude>
    <ClInclude Include="include\rlc.h">
      <Filter>Header Files</Filter>
    </ClInclude>
    <ClInclude Include="include\rlc_factory.h">
      <Filter>Header Files</Filter>
    </ClInclude>
    <ClInclude Include="include\sequence.h">
      <Filter>Header Files</Filter>
    </ClInclude>
    <ClInclude Include="include\shift.h">
      <Filter>Header Files</Filter>
    </ClInclude>
    <ClInclude Include="include\static_huffman.h">
      <Filter>Header Files</Filter>
    </ClInclude>
    <ClInclude Include="include\static_rlc.h">
      <Filter>Header Files</Filter>
    </ClInclude>
    <ClInclude Include="include\transform.h">
      <Filter>Header Files</Filter>
    </ClInclude>
    <ClInclude Include="include\utils.h">
      <Filter>Header Files</Filter>
    </ClInclude>
    <ClInclude Include="include\zigzag.h">
      <Filter>Header Files</Filter>
    </ClInclude>
    <ClInclude Include="cl\clkernel.h">
      <Filter>Header Files</Filter>
    </ClInclude>
    <ClInclude Include="include\getopt.h">
      <Filter>Header Files</Filter>
    </ClInclude>
  </ItemGroup>
  <ItemGroup>
    <Intel_OpenCL_Build_Rules Include="cl\kernel.cl">
      <Filter>OpenCL Files</Filter>
    </Intel_OpenCL_Build_Rules>
  </ItemGroup>
</Project>